
Microsoft Visual Studio Solution File, Format Version 12.00
# Visual Studio Version 17
VisualStudioVersion = 17.9.34701.34
MinimumVisualStudioVersion = 10.0.40219.1
Project("{9A19103F-16F7-4668-BE54-9A1E7A4F7556}") = "ProductProposalManager", "ProductProposalManager\ProductProposalManager.csproj", "{48FE0341-9540-43B1-8AC3-2FDA88D4CC1B}"
EndProject
Global
	GlobalSection(SolutionConfigurationPlatforms) = preSolution
		Debug|Any CPU = Debug|Any CPU
		Release|Any CPU = Release|Any CPU
	EndGlobalSection
	GlobalSection(ProjectConfigurationPlatforms) = postSolution
		{48FE0341-9540-43B1-8AC3-2FDA88D4CC1B}.Debug|Any CPU.ActiveCfg = Debug|Any CPU
		{48FE0341-9540-43B1-8AC3-2FDA88D4CC1B}.Debug|Any CPU.Build.0 = Debug|Any CPU
		{48FE0341-9540-43B1-8AC3-2FDA88D4CC1B}.Release|Any CPU.ActiveCfg = Release|Any CPU
		{48FE0341-9540-43B1-8AC3-2FDA88D4CC1B}.Release|Any CPU.Build.0 = Release|Any CPU
	EndGlobalSection
	GlobalSection(SolutionProperties) = preSolution
		HideSolutionNode = FALSE
	EndGlobalSection
	GlobalSection(ExtensibilityGlobals) = postSolution
		SolutionGuid = {C968544A-1C6A-4096-B71F-3B58525CFF39}
	EndGlobalSection
EndGlobal
